
Microsoft Visual Studio Solution File, Format Version 12.00
# Visual Studio Version 17
VisualStudioVersion = 17.1.32319.34
MinimumVisualStudioVersion = 10.0.40219.1
Project("{FAE04EC0-301F-11D3-BF4B-00C04F79EFBC}") = "NewApp.Console", "NewApp.Console\NewApp.Console.csproj", "{D2E89DE6-DFAE-4F42-9BEF-6FFFFFB8F73B}"
EndProject
Global
	GlobalSection(SolutionConfigurationPlatforms) = preSolution
		Debug|Any CPU = Debug|Any CPU
		Release|Any CPU = Release|Any CPU
	EndGlobalSection
	GlobalSection(ProjectConfigurationPlatforms) = postSolution
		{D2E89DE6-DFAE-4F42-9BEF-6FFFFFB8F73B}.Debug|Any CPU.ActiveCfg = Debug|Any CPU
		{D2E89DE6-DFAE-4F42-9BEF-6FFFFFB8F73B}.Debug|Any CPU.Build.0 = Debug|Any CPU
		{D2E89DE6-DFAE-4F42-9BEF-6FFFFFB8F73B}.Release|Any CPU.ActiveCfg = Release|Any CPU
		{D2E89DE6-DFAE-4F42-9BEF-6FFFFFB8F73B}.Release|Any CPU.Build.0 = Release|Any CPU
	EndGlobalSection
	GlobalSection(SolutionProperties) = preSolution
		HideSolutionNode = FALSE
	EndGlobalSection
	GlobalSection(ExtensibilityGlobals) = postSolution
		SolutionGuid = {8DBD37DB-F458-4F43-85E3-E7AFEE788D06}
	EndGlobalSection
EndGlobal
